
Microsoft Visual Studio Solution File, Format Version 12.00
# Visual Studio Version 16
VisualStudioVersion = 16.0.30523.141
MinimumVisualStudioVersion = 10.0.40219.1
Project("{FAE04EC0-301F-11D3-BF4B-00C04F79EFBC}") = "ProjetCSharp", "ProjetCSharp\ProjetCSharp.csproj", "{F47F337A-A604-4389-B7A4-7CFD05EA5877}"
EndProject
Project("{00D1A9C2-B5F0-4AF3-8072-F6C62B433612}") = "Database", "Database\Database.sqlproj", "{702DD69A-964C-4194-B238-48F0C2794F80}"
EndProject
Global
	GlobalSection(SolutionConfigurationPlatforms) = preSolution
		Debug|Any CPU = Debug|Any CPU
		Release|Any CPU = Release|Any CPU
	EndGlobalSection
	GlobalSection(ProjectConfigurationPlatforms) = postSolution
		{F47F337A-A604-4389-B7A4-7CFD05EA5877}.Debug|Any CPU.ActiveCfg = Debug|Any CPU
		{F47F337A-A604-4389-B7A4-7CFD05EA5877}.Debug|Any CPU.Build.0 = Debug|Any CPU
		{F47F337A-A604-4389-B7A4-7CFD05EA5877}.Release|Any CPU.ActiveCfg = Release|Any CPU
		{F47F337A-A604-4389-B7A4-7CFD05EA5877}.Release|Any CPU.Build.0 = Release|Any CPU
		{702DD69A-964C-4194-B238-48F0C2794F80}.Debug|Any CPU.ActiveCfg = Debug|Any CPU
		{702DD69A-964C-4194-B238-48F0C2794F80}.Debug|Any CPU.Build.0 = Debug|Any CPU
		{702DD69A-964C-4194-B238-48F0C2794F80}.Debug|Any CPU.Deploy.0 = Debug|Any CPU
		{702DD69A-964C-4194-B238-48F0C2794F80}.Release|Any CPU.ActiveCfg = Release|Any CPU
		{702DD69A-964C-4194-B238-48F0C2794F80}.Release|Any CPU.Build.0 = Release|Any CPU
		{702DD69A-964C-4194-B238-48F0C2794F80}.Release|Any CPU.Deploy.0 = Release|Any CPU
	EndGlobalSection
	GlobalSection(SolutionProperties) = preSolution
		HideSolutionNode = FALSE
	EndGlobalSection
	GlobalSection(ExtensibilityGlobals) = postSolution
		SolutionGuid = {90F7C0ED-5BF8-4068-939A-217E04765174}
	EndGlobalSection
EndGlobal
